[root]
name = "flowui"
version = "0.1.0"
dependencies = [
 "flowlib 0.1.1",
]

[[package]]
name = "flowlib"
version = "0.1.1"
dependencies = [
 "yaml-rust 0.3.8 (git+https://github.com/chyh1990/yaml-rust.git)",
]

[[package]]
name = "linked-hash-map"
version = "0.5.0"
source = "registry+https://github.com/rust-lang/crates.io-index"

[[package]]
name = "yaml-rust"
version = "0.3.8"
source = "git+https://github.com/chyh1990/yaml-rust.git#a702f2cc5ef9927c08ee7eff6490b29dc8161936"
dependencies = [
 "linked-hash-map 0.5.0 (registry+https://github.com/rust-lang/crates.io-index)",
]

[metadata]
"checksum linked-hash-map 0.5.0 (registry+https://github.com/rust-lang/crates.io-index)" = "2d2aab0478615bb586559b0114d94dd8eca4fdbb73b443adcb0d00b61692b4bf"
"checksum yaml-rust 0.3.8 (git+https://github.com/chyh1990/yaml-rust.git)" = "<none>"
